{
  "name": "test-listen-destroy",
  "version": "1.0.0",
  "lockfileVersion": 1,
  "requires": true,
  "dependencies": {
    "server-destroy": {
      "version": "1.0.1",
      "resolved": "https://registry.npmjs.org/server-destroy/-/server-destroy-1.0.1.tgz",
      "integrity": "sha1-8Tv5KOQrnD55OD5hzDmYtdFObN0="
    },
    "test-listen": {
      "version": "1.1.0",
      "resolved": "https://registry.npmjs.org/test-listen/-/test-listen-1.1.0.tgz",
      "integrity": "sha512-OyEVi981C1sb9NX1xayfgZls3p8QTDRwp06EcgxSgd1kktaENBW8dO15i8v/7Fi15j0IYQctJzk5J+hyEBId2w=="
    }
  }
}
